{
    "_meta": {
        "hash": {
            "sha256": "f64af81cff00dd3bfecf43741392515d662132ada55eda9d89b1a51c6724668f"
        },
        "pipfile-spec": 6,
        "requires": {
            "python_version": "3.13"
        },
        "sources": [
            {
                "name": "pypi",
                "url": "https://pypi.org/simple",
                "verify_ssl": true
            }
        ]
    },
    "default": {
        "getch": {
            "hashes": [
                "sha256:a6c22717c10051ce65b8fb7bddb171af705b1175e694a73be956990f6089d8b1",
                "sha256:be451438f7a2b389f96753aea39b6ed2540a390f1b9a12badcbc110cf9a5ce7f"
            ],
            "index": "pypi",
            "version": "==1.0"
        }
    },
    "develop": {}
}
